
Microsoft Visual Studio Solution File, Format Version 12.00
# Visual Studio Version 17
VisualStudioVersion = 17.0.31903.59
MinimumVisualStudioVersion = 10.0.40219.1
Project("{2150E333-8FDC-42A3-9474-1A3956D46DE8}") = "src", "src", "{827E0CD3-B72D-47B6-A68D-7590B98EB39B}"
EndProject
Project("{FAE04EC0-301F-11D3-BF4B-00C04F79EFBC}") = "LeavePayroll.Domain", "src\LeavePayroll.Domain\LeavePayroll.Domain.csproj", "{FD490E8B-968E-4617-80CD-F5F32F154981}"
EndProject
Project("{FAE04EC0-301F-11D3-BF4B-00C04F79EFBC}") = "LeavePayroll.Application", "src\LeavePayroll.Application\LeavePayroll.Application.csproj", "{F7670160-F29B-4684-B934-8FB039DD033D}"
EndProject
Project("{FAE04EC0-301F-11D3-BF4B-00C04F79EFBC}") = "LeavePayroll.Infrastructure", "src\LeavePayroll.Infrastructure\LeavePayroll.Infrastructure.csproj", "{ECA2EAD7-1B77-4327-A241-536A06B682E3}"
EndProject
Project("{FAE04EC0-301F-11D3-BF4B-00C04F79EFBC}") = "LeavePayroll.Web", "src\LeavePayroll.Web\LeavePayroll.Web.csproj", "{13FB33B3-A4F5-4F3F-9B5C-1E6B9FC1A2C9}"
EndProject
Project("{2150E333-8FDC-42A3-9474-1A3956D46DE8}") = "tests", "tests", "{0AB3BF05-4346-4AA6-1389-037BE0695223}"
EndProject
Project("{FAE04EC0-301F-11D3-BF4B-00C04F79EFBC}") = "LeavePayroll.Domain.Tests", "tests\LeavePayroll.Domain.Tests\LeavePayroll.Domain.Tests.csproj", "{1927FDF8-DAEC-45D6-B0D2-50A44739F9B4}"
EndProject
Global
	GlobalSection(SolutionConfigurationPlatforms) = preSolution
		Debug|Any CPU = Debug|Any CPU
		Debug|x64 = Debug|x64
		Debug|x86 = Debug|x86
		Release|Any CPU = Release|Any CPU
		Release|x64 = Release|x64
		Release|x86 = Release|x86
	EndGlobalSection
	GlobalSection(ProjectConfigurationPlatforms) = postSolution
		{FD490E8B-968E-4617-80CD-F5F32F154981}.Debug|Any CPU.ActiveCfg = Debug|Any CPU
		{FD490E8B-968E-4617-80CD-F5F32F154981}.Debug|Any CPU.Build.0 = Debug|Any CPU
		{FD490E8B-968E-4617-80CD-F5F32F154981}.Debug|x64.ActiveCfg = Debug|Any CPU
		{FD490E8B-968E-4617-80CD-F5F32F154981}.Debug|x64.Build.0 = Debug|Any CPU
		{FD490E8B-968E-4617-80CD-F5F32F154981}.Debug|x86.ActiveCfg = Debug|Any CPU
		{FD490E8B-968E-4617-80CD-F5F32F154981}.Debug|x86.Build.0 = Debug|Any CPU
		{FD490E8B-968E-4617-80CD-F5F32F154981}.Release|Any CPU.ActiveCfg = Release|Any CPU
		{FD490E8B-968E-4617-80CD-F5F32F154981}.Release|Any CPU.Build.0 = Release|Any CPU
		{FD490E8B-968E-4617-80CD-F5F32F154981}.Release|x64.ActiveCfg = Release|Any CPU
		{FD490E8B-968E-4617-80CD-F5F32F154981}.Release|x64.Build.0 = Release|Any CPU
		{FD490E8B-968E-4617-80CD-F5F32F154981}.Release|x86.ActiveCfg = Release|Any CPU
		{FD490E8B-968E-4617-80CD-F5F32F154981}.Release|x86.Build.0 = Release|Any CPU
		{F7670160-F29B-4684-B934-8FB039DD033D}.Debug|Any CPU.ActiveCfg = Debug|Any CPU
		{F7670160-F29B-4684-B934-8FB039DD033D}.Debug|Any CPU.Build.0 = Debug|Any CPU
		{F7670160-F29B-4684-B934-8FB039DD033D}.Debug|x64.ActiveCfg = Debug|Any CPU
		{F7670160-F29B-4684-B934-8FB039DD033D}.Debug|x64.Build.0 = Debug|Any CPU
		{F7670160-F29B-4684-B934-8FB039DD033D}.Debug|x86.ActiveCfg = Debug|Any CPU
		{F7670160-F29B-4684-B934-8FB039DD033D}.Debug|x86.Build.0 = Debug|Any CPU
		{F7670160-F29B-4684-B934-8FB039DD033D}.Release|Any CPU.ActiveCfg = Release|Any CPU
		{F7670160-F29B-4684-B934-8FB039DD033D}.Release|Any CPU.Build.0 = Release|Any CPU
		{F7670160-F29B-4684-B934-8FB039DD033D}.Release|x64.ActiveCfg = Release|Any CPU
		{F7670160-F29B-4684-B934-8FB039DD033D}.Release|x64.Build.0 = Release|Any CPU
		{F7670160-F29B-4684-B934-8FB039DD033D}.Release|x86.ActiveCfg = Release|Any CPU
		{F7670160-F29B-4684-B934-8FB039DD033D}.Release|x86.Build.0 = Release|Any CPU
		{ECA2EAD7-1B77-4327-A241-536A06B682E3}.Debug|Any CPU.ActiveCfg = Debug|Any CPU
		{ECA2EAD7-1B77-4327-A241-536A06B682E3}.Debug|Any CPU.Build.0 = Debug|Any CPU
		{ECA2EAD7-1B77-4327-A241-536A06B682E3}.Debug|x64.ActiveCfg = Debug|Any CPU
		{ECA2EAD7-1B77-4327-A241-536A06B682E3}.Debug|x64.Build.0 = Debug|Any CPU
		{ECA2EAD7-1B77-4327-A241-536A06B682E3}.Debug|x86.ActiveCfg = Debug|Any CPU
		{ECA2EAD7-1B77-4327-A241-536A06B682E3}.Debug|x86.Build.0 = Debug|Any CPU
		{ECA2EAD7-1B77-4327-A241-536A06B682E3}.Release|Any CPU.ActiveCfg = Release|Any CPU
		{ECA2EAD7-1B77-4327-A241-536A06B682E3}.Release|Any CPU.Build.0 = Release|Any CPU
		{ECA2EAD7-1B77-4327-A241-536A06B682E3}.Release|x64.ActiveCfg = Release|Any CPU
		{ECA2EAD7-1B77-4327-A241-536A06B682E3}.Release|x64.Build.0 = Release|Any CPU
		{ECA2EAD7-1B77-4327-A241-536A06B682E3}.Release|x86.ActiveCfg = Release|Any CPU
		{ECA2EAD7-1B77-4327-A241-536A06B682E3}.Release|x86.Build.0 = Release|Any CPU
		{13FB33B3-A4F5-4F3F-9B5C-1E6B9FC1A2C9}.Debug|Any CPU.ActiveCfg = Debug|Any CPU
		{13FB33B3-A4F5-4F3F-9B5C-1E6B9FC1A2C9}.Debug|Any CPU.Build.0 = Debug|Any CPU
		{13FB33B3-A4F5-4F3F-9B5C-1E6B9FC1A2C9}.Debug|x64.ActiveCfg = Debug|Any CPU
		{13FB33B3-A4F5-4F3F-9B5C-1E6B9FC1A2C9}.Debug|x64.Build.0 = Debug|Any CPU
		{13FB33B3-A4F5-4F3F-9B5C-1E6B9FC1A2C9}.Debug|x86.ActiveCfg = Debug|Any CPU
		{13FB33B3-A4F5-4F3F-9B5C-1E6B9FC1A2C9}.Debug|x86.Build.0 = Debug|Any CPU
		{13FB33B3-A4F5-4F3F-9B5C-1E6B9FC1A2C9}.Release|Any CPU.ActiveCfg = Release|Any CPU
		{13FB33B3-A4F5-4F3F-9B5C-1E6B9FC1A2C9}.Release|Any CPU.Build.0 = Release|Any CPU
		{13FB33B3-A4F5-4F3F-9B5C-1E6B9FC1A2C9}.Release|x64.ActiveCfg = Release|Any CPU
		{13FB33B3-A4F5-4F3F-9B5C-1E6B9FC1A2C9}.Release|x64.Build.0 = Release|Any CPU
		{13FB33B3-A4F5-4F3F-9B5C-1E6B9FC1A2C9}.Release|x86.ActiveCfg = Release|Any CPU
		{13FB33B3-A4F5-4F3F-9B5C-1E6B9FC1A2C9}.Release|x86.Build.0 = Release|Any CPU
		{1927FDF8-DAEC-45D6-B0D2-50A44739F9B4}.Debug|Any CPU.ActiveCfg = Debug|Any CPU
		{1927FDF8-DAEC-45D6-B0D2-50A44739F9B4}.Debug|Any CPU.Build.0 = Debug|Any CPU
		{1927FDF8-DAEC-45D6-B0D2-50A44739F9B4}.Debug|x64.ActiveCfg = Debug|Any CPU
		{1927FDF8-DAEC-45D6-B0D2-50A44739F9B4}.Debug|x64.Build.0 = Debug|Any CPU
		{1927FDF8-DAEC-45D6-B0D2-50A44739F9B4}.Debug|x86.ActiveCfg = Debug|Any CPU
		{1927FDF8-DAEC-45D6-B0D2-50A44739F9B4}.Debug|x86.Build.0 = Debug|Any CPU
		{1927FDF8-DAEC-45D6-B0D2-50A44739F9B4}.Release|Any CPU.ActiveCfg = Release|Any CPU
		{1927FDF8-DAEC-45D6-B0D2-50A44739F9B4}.Release|Any CPU.Build.0 = Release|Any CPU
		{1927FDF8-DAEC-45D6-B0D2-50A44739F9B4}.Release|x64.ActiveCfg = Release|Any CPU
		{1927FDF8-DAEC-45D6-B0D2-50A44739F9B4}.Release|x64.Build.0 = Release|Any CPU
		{1927FDF8-DAEC-45D6-B0D2-50A44739F9B4}.Release|x86.ActiveCfg = Release|Any CPU
		{1927FDF8-DAEC-45D6-B0D2-50A44739F9B4}.Release|x86.Build.0 = Release|Any CPU
	EndGlobalSection
	GlobalSection(SolutionProperties) = preSolution
		HideSolutionNode = FALSE
	EndGlobalSection
	GlobalSection(NestedProjects) = preSolution
		{FD490E8B-968E-4617-80CD-F5F32F154981} = {827E0CD3-B72D-47B6-A68D-7590B98EB39B}
		{F7670160-F29B-4684-B934-8FB039DD033D} = {827E0CD3-B72D-47B6-A68D-7590B98EB39B}
		{ECA2EAD7-1B77-4327-A241-536A06B682E3} = {827E0CD3-B72D-47B6-A68D-7590B98EB39B}
		{13FB33B3-A4F5-4F3F-9B5C-1E6B9FC1A2C9} = {827E0CD3-B72D-47B6-A68D-7590B98EB39B}
		{1927FDF8-DAEC-45D6-B0D2-50A44739F9B4} = {0AB3BF05-4346-4AA6-1389-037BE0695223}
	EndGlobalSection
EndGlobal
